// !$*UTF8*$!
{
	archiveVersion = 1;
	classes = {
	};
	objectVersion = 46;
	objects = {

/* Begin PBXBuildFile section */
		450841CC1B6364E200249E5B /* main.m in Sources */ = {isa = PBXBuildFile; fileRef = 450841CB1B6364E200249E5B /* main.m */; };
		450841CF1B6364E200249E5B /* AppDelegate.m in Sources */ = {isa = PBXBuildFile; fileRef = 450841CE1B6364E200249E5B /* AppDelegate.m */; };
		450841D21B6364E200249E5B /* ViewController.m in Sources */ = {isa = PBXBuildFile; fileRef = 450841D11B6364E200249E5B /* ViewController.m */; };
		450841D51B6364E200249E5B /* Main.storyboard in Resources */ = {isa = PBXBuildFile; fileRef = 450841D31B6364E200249E5B /* Main.storyboard */; };
		450841D71B6364E200249E5B /* Images.xcassets in Resources */ = {isa = PBXBuildFile; fileRef = 450841D61B6364E200249E5B /* Images.xcassets */; };
		450841DA1B6364E200249E5B /* LaunchScreen.xib in Resources */ = {isa = PBXBuildFile; fileRef = 450841D81B6364E200249E5B /* LaunchScreen.xib */; };
		450841E61B6364E200249E5B /* TravelMoreTests.m in Sources */ = {isa = PBXBuildFile; fileRef = 450841E51B6364E200249E5B /* TravelMoreTests.m */; };
		450842081B63A53E00249E5B /* MapControl.m in Sources */ = {isa = PBXBuildFile; fileRef = 450842061B63A53E00249E5B /* MapControl.m */; };
		450842091B63A53E00249E5B /* MapControl.xib in Resources */ = {isa = PBXBuildFile; fileRef = 450842071B63A53E00249E5B /* MapControl.xib */; };
		4508420B1B63A54900249E5B /* MapLocations.json in Resources */ = {isa = PBXBuildFile; fileRef = 4508420A1B63A54900249E5B /* MapLocations.json */; };
		4508420E1B63A55400249E5B /* MapSceneInitialViewController.m in Sources */ = {isa = PBXBuildFile; fileRef = 4508420D1B63A55400249E5B /* MapSceneInitialViewController.m */; };
		450842111B63A5A900249E5B /* PlaceInfo.m in Sources */ = {isa = PBXBuildFile; fileRef = 450842101B63A5A900249E5B /* PlaceInfo.m */; };
		450842161B63AEF100249E5B /* KYCircleMenu.m in Sources */ = {isa = PBXBuildFile; fileRef = 450842151B63AEF100249E5B /* KYCircleMenu.m */; };
		450842191B63AFA400249E5B /* MenuViewController.m in Sources */ = {isa = PBXBuildFile; fileRef = 450842181B63AFA400249E5B /* MenuViewController.m */; };
		4508421C1B63AFE700249E5B /* Constants.m in Sources */ = {isa = PBXBuildFile; fileRef = 4508421B1B63AFE700249E5B /* Constants.m */; };
		4508421E1B63B52600249E5B /* MenuViewController.xib in Resources */ = {isa = PBXBuildFile; fileRef = 4508421D1B63B52600249E5B /* MenuViewController.xib */; };
		450842241B63D12400249E5B /* TRCustomAnnotationView.m in Sources */ = {isa = PBXBuildFile; fileRef = 450842231B63D12400249E5B /* TRCustomAnnotationView.m */; };
		450842261B63D14200249E5B /* TRCustomAnnotationView.xib in Resources */ = {isa = PBXBuildFile; fileRef = 450842251B63D14200249E5B /* TRCustomAnnotationView.xib */; };
		450842291B63E5BA00249E5B /* TRMCustomAnnotationView.m in Sources */ = {isa = PBXBuildFile; fileRef = 450842281B63E5BA00249E5B /* TRMCustomAnnotationView.m */; };
		4508422B1B63E9DD00249E5B /* DrawingPin1_Blue.png in Resources */ = {isa = PBXBuildFile; fileRef = 4508422A1B63E9DD00249E5B /* DrawingPin1_Blue.png */; };
		450842301B63F9D000249E5B /* TGLCollectionViewCell.m in Sources */ = {isa = PBXBuildFile; fileRef = 4508422F1B63F9D000249E5B /* TGLCollectionViewCell.m */; };
		450842341B64038000249E5B /* MPGNotification.m in Sources */ = {isa = PBXBuildFile; fileRef = 450842331B64038000249E5B /* MPGNotification.m */; };
		4543EF841B641BA300F45016 /* TMDynamic.plist in Resources */ = {isa = PBXBuildFile; fileRef = 4543EF831B641BA300F45016 /* TMDynamic.plist */; };
		B5340EAF1B6369DB00A24775 /* Login.storyboard in Resources */ = {isa = PBXBuildFile; fileRef = B5340EAE1B6369DB00A24775 /* Login.storyboard */; };
		B5340EB31B636A5700A24775 /* LoginViewController.m in Sources */ = {isa = PBXBuildFile; fileRef = B5340EB21B636A5700A24775 /* LoginViewController.m */; };
		B5340EBB1B6373AE00A24775 /* NSObject+Helper.m in Sources */ = {isa = PBXBuildFile; fileRef = B5340EBA1B6373AE00A24775 /* NSObject+Helper.m */; };
		B5340EBE1B6373F100A24775 /* UIView+Helper.m in Sources */ = {isa = PBXBuildFile; fileRef = B5340EBD1B6373F100A24775 /* UIView+Helper.m */; };
		B5340EC11B63745200A24775 /* UIColor+Helper.m in Sources */ = {isa = PBXBuildFile; fileRef = B5340EC01B63745200A24775 /* UIColor+Helper.m */; };
		B53AE2FC1B63854D00CDC128 /* JVFloatLabeledTextField.m in Sources */ = {isa = PBXBuildFile; fileRef = B53AE2F71B63854D00CDC128 /* JVFloatLabeledTextField.m */; };
		B53AE2FD1B63854D00CDC128 /* JVFloatLabeledTextView.m in Sources */ = {isa = PBXBuildFile; fileRef = B53AE2F91B63854D00CDC128 /* JVFloatLabeledTextView.m */; };
		B53AE2FE1B63854D00CDC128 /* NSString+TextDirectionality.m in Sources */ = {isa = PBXBuildFile; fileRef = B53AE2FB1B63854D00CDC128 /* NSString+TextDirectionality.m */; };
		B53AE30A1B638A5E00CDC128 /* Bolts.framework in Frameworks */ = {isa = PBXBuildFile; fileRef = B53AE3021B638A5E00CDC128 /* Bolts.framework */; };
		B53AE30B1B638A5E00CDC128 /* FacebookSDKStrings.bundle in Resources */ = {isa = PBXBuildFile; fileRef = B53AE3031B638A5E00CDC128 /* FacebookSDKStrings.bundle */; };
		B53AE30C1B638A5E00CDC128 /* FBAudienceNetwork.framework in Frameworks */ = {isa = PBXBuildFile; fileRef = B53AE3041B638A5E00CDC128 /* FBAudienceNetwork.framework */; };
		B53AE30D1B638A5E00CDC128 /* FBAudienceNetwork.README.txt in Resources */ = {isa = PBXBuildFile; fileRef = B53AE3051B638A5E00CDC128 /* FBAudienceNetwork.README.txt */; };
		B53AE30E1B638A5E00CDC128 /* FBSDKCoreKit.framework in Frameworks */ = {isa = PBXBuildFile; fileRef = B53AE3061B638A5E00CDC128 /* FBSDKCoreKit.framework */; };
		B53AE30F1B638A5E00CDC128 /* FBSDKLoginKit.framework in Frameworks */ = {isa = PBXBuildFile; fileRef = B53AE3071B638A5E00CDC128 /* FBSDKLoginKit.framework */; };
		B53AE3101B638A5E00CDC128 /* FBSDKMessengerShareKit.framework in Frameworks */ = {isa = PBXBuildFile; fileRef = B53AE3081B638A5E00CDC128 /* FBSDKMessengerShareKit.framework */; };
		B53AE3111B638A5E00CDC128 /* FBSDKShareKit.framework in Frameworks */ = {isa = PBXBuildFile; fileRef = B53AE3091B638A5E00CDC128 /* FBSDKShareKit.framework */; };
		B53AE3181B63976B00CDC128 /* MMMaterialDesignSpinner.m in Sources */ = {isa = PBXBuildFile; fileRef = B53AE3151B63976B00CDC128 /* MMMaterialDesignSpinner.m */; };
		B53AE3191B63976B00CDC128 /* DeformationButton.m in Sources */ = {isa = PBXBuildFile; fileRef = B53AE3171B63976B00CDC128 /* DeformationButton.m */; };
		B53AE34C1B63B55E00CDC128 /* TGLExposedLayout.m in Sources */ = {isa = PBXBuildFile; fileRef = B53AE3471B63B55E00CDC128 /* TGLExposedLayout.m */; };
		B53AE34D1B63B55E00CDC128 /* TGLStackedLayout.m in Sources */ = {isa = PBXBuildFile; fileRef = B53AE3491B63B55E00CDC128 /* TGLStackedLayout.m */; };
		B53AE34E1B63B55E00CDC128 /* TGLStackedViewController.m in Sources */ = {isa = PBXBuildFile; fileRef = B53AE34B1B63B55E00CDC128 /* TGLStackedViewController.m */; };
		B53AE3511B63B56A00CDC128 /* TGLViewController.m in Sources */ = {isa = PBXBuildFile; fileRef = B53AE3501B63B56A00CDC128 /* TGLViewController.m */; };
		B53AE3571B63CB5300CDC128 /* FriendControl.m in Sources */ = {isa = PBXBuildFile; fileRef = B53AE3561B63CB5300CDC128 /* FriendControl.m */; };
		B53AE3591B63CB6300CDC128 /* Friend.xib in Resources */ = {isa = PBXBuildFile; fileRef = B53AE3581B63CB6300CDC128 /* Friend.xib */; };
		B53AE35F1B63D18900CDC128 /* UIViewController+Helper.m in Sources */ = {isa = PBXBuildFile; fileRef = B53AE35E1B63D18900CDC128 /* UIViewController+Helper.m */; };
		B53AE3631B63E02500CDC128 /* 3-5-stars.png in Resources */ = {isa = PBXBuildFile; fileRef = B53AE3621B63E02500CDC128 /* 3-5-stars.png */; };
		B53AE3651B63E07E00CDC128 /* white_star_u2606_icon_256x256.png in Resources */ = {isa = PBXBuildFile; fileRef = B53AE3641B63E07E00CDC128 /* white_star_u2606_icon_256x256.png */; };
		B53AE36A1B63F4FC00CDC128 /* fri.json in Resources */ = {isa = PBXBuildFile; fileRef = B53AE3691B63F4FC00CDC128 /* fri.json */; };
		B53AE36C1B63F6B100CDC128 /* Screen Shot 2015-07-25 at 10.22.39 pm.png in Resources */ = {isa = PBXBuildFile; fileRef = B53AE36B1B63F6B100CDC128 /* Screen Shot 2015-07-25 at 10.22.39 pm.png */; };
		B53AE36E1B63F83200CDC128 /* images (3).jpeg in Resources */ = {isa = PBXBuildFile; fileRef = B53AE36D1B63F83200CDC128 /* images (3).jpeg */; };
		B53AE3701B63FEB600CDC128 /* pin.brightred.png in Resources */ = {isa = PBXBuildFile; fileRef = B53AE36F1B63FEB600CDC128 /* pin.brightred.png */; };
		B53AE3731B641D5200CDC128 /* HotalDetailViewController.m in Sources */ = {isa = PBXBuildFile; fileRef = B53AE3721B641D5200CDC128 /* HotalDetailViewController.m */; };
		B53AE3751B6420F600CDC128 /* PS_Hotel_KingRoom_new.jpg in Resources */ = {isa = PBXBuildFile; fileRef = B53AE3741B6420F600CDC128 /* PS_Hotel_KingRoom_new.jpg */; };
		B53AE3771B6420FD00CDC128 /* rooftop2.jpg in Resources */ = {isa = PBXBuildFile; fileRef = B53AE3761B6420FD00CDC128 /* rooftop2.jpg */; };
		B53AE3791B64210500CDC128 /* zee22.jpg in Resources */ = {isa = PBXBuildFile; fileRef = B53AE3781B64210500CDC128 /* zee22.jpg */; };
		B53AE3861B64269C00CDC128 /* JTSImageViewController.m in Sources */ = {isa = PBXBuildFile; fileRef = B53AE37B1B64269B00CDC128 /* JTSImageViewController.m */; };
		B53AE3871B64269C00CDC128 /* JTSImageInfo.m in Sources */ = {isa = PBXBuildFile; fileRef = B53AE37D1B64269B00CDC128 /* JTSImageInfo.m */; };
		B53AE3881B64269C00CDC128 /* JTSSimpleImageDownloader.m in Sources */ = {isa = PBXBuildFile; fileRef = B53AE37F1B64269B00CDC128 /* JTSSimpleImageDownloader.m */; };
		B53AE3891B64269C00CDC128 /* JTSAnimatedGIFUtility.m in Sources */ = {isa = PBXBuildFile; fileRef = B53AE3811B64269C00CDC128 /* JTSAnimatedGIFUtility.m */; };
		B53AE38A1B64269C00CDC128 /* UIImage+JTSImageEffects.m in Sources */ = {isa = PBXBuildFile; fileRef = B53AE3831B64269C00CDC128 /* UIImage+JTSImageEffects.m */; };
		B53AE38B1B64269C00CDC128 /* UIApplication+JTSImageViewController.m in Sources */ = {isa = PBXBuildFile; fileRef = B53AE3851B64269C00CDC128 /* UIApplication+JTSImageViewController.m */; };
/* End PBXBuildFile section */

/* Begin PBXContainerItemProxy section */
		450841E01B6364E200249E5B /* PBXContainerItemProxy */ = {
			isa = PBXContainerItemProxy;
			containerPortal = 450841BE1B6364E200249E5B /* Project object */;
			proxyType = 1;
			remoteGlobalIDString = 450841C51B6364E200249E5B;
			remoteInfo = TravelMore;
		};
/* End PBXContainerItemProxy section */

/* Begin PBXFileReference section */
		14B9A8A46EDA37DCAB65C637 /* libPods.a */ = {isa = PBXFileReference; explicitFileType = archive.ar; includeInIndex = 0; path = libPods.a; sourceTree = BUILT_PRODUCTS_DIR; };
		1B5DDB766531C375E897082F /* Pods.debug.xcconfig */ = {isa = PBXFileReference; includeInIndex = 1; lastKnownFileType = text.xcconfig; name = Pods.debug.xcconfig; path = "Pods/Target Support Files/Pods/Pods.debug.xcconfig"; sourceTree = "<group>"; };
		38F9BE49F26F88356A322FA9 /* Pods.release.xcconfig */ = {isa = PBXFileReference; includeInIndex = 1; lastKnownFileType = text.xcconfig; name = Pods.release.xcconfig; path = "Pods/Target Support Files/Pods/Pods.release.xcconfig"; sourceTree = "<group>"; };
		450841C61B6364E200249E5B /* TravelMore.app */ = {isa = PBXFileReference; explicitFileType = wrapper.application; includeInIndex = 0; path = TravelMore.app; sourceTree = BUILT_PRODUCTS_DIR; };
		450841CA1B6364E200249E5B /* Info.plist */ = {isa = PBXFileReference; lastKnownFileType = text.plist.xml; path = Info.plist; sourceTree = "<group>"; };
		450841CB1B6364E200249E5B /* main.m */ = {isa = PBXFileReference; lastKnownFileType = sourcecode.c.objc; path = main.m; sourceTree = "<group>"; };
		450841CD1B6364E200249E5B /* AppDelegate.h */ = {isa = PBXFileReference; lastKnownFileType = sourcecode.c.h; path = AppDelegate.h; sourceTree = "<group>"; };
		450841CE1B6364E200249E5B /* AppDelegate.m */ = {isa = PBXFileReference; lastKnownFileType = sourcecode.c.objc; path = AppDelegate.m; sourceTree = "<group>"; };
		450841D01B6364E200249E5B /* ViewController.h */ = {isa = PBXFileReference; lastKnownFileType = sourcecode.c.h; path = ViewController.h; sourceTree = "<group>"; };
		450841D11B6364E200249E5B /* ViewController.m */ = {isa = PBXFileReference; lastKnownFileType = sourcecode.c.objc; path = ViewController.m; sourceTree = "<group>"; };
		450841D41B6364E200249E5B /* Base */ = {isa = PBXFileReference; lastKnownFileType = file.storyboard; name = Base; path = Base.lproj/Main.storyboard; sourceTree = "<group>"; };
		450841D61B6364E200249E5B /* Images.xcassets */ = {isa = PBXFileReference; lastKnownFileType = folder.assetcatalog; path = Images.xcassets; sourceTree = "<group>"; };
		450841D91B6364E200249E5B /* Base */ = {isa = PBXFileReference; lastKnownFileType = file.xib; name = Base; path = Base.lproj/LaunchScreen.xib; sourceTree = "<group>"; };
		450841DF1B6364E200249E5B /* TravelMoreTests.xctest */ = {isa = PBXFileReference; explicitFileType = wrapper.cfbundle; includeInIndex = 0; path = TravelMoreTests.xctest; sourceTree = BUILT_PRODUCTS_DIR; };
		450841E41B6364E200249E5B /* Info.plist */ = {isa = PBXFileReference; lastKnownFileType = text.plist.xml; path = Info.plist; sourceTree = "<group>"; };
		450841E51B6364E200249E5B /* TravelMoreTests.m */ = {isa = PBXFileReference; lastKnownFileType = sourcecode.c.objc; path = TravelMoreTests.m; sourceTree = "<group>"; };
		450842051B63A53E00249E5B /* MapControl.h */ = {isa = PBXFileReference; fileEncoding = 4; lastKnownFileType = sourcecode.c.h; path = MapControl.h; sourceTree = "<group>"; };
		450842061B63A53E00249E5B /* MapControl.m */ = {isa = PBXFileReference; fileEncoding = 4; lastKnownFileType = sourcecode.c.objc; path = MapControl.m; sourceTree = "<group>"; };
		450842071B63A53E00249E5B /* MapControl.xib */ = {isa = PBXFileReference; fileEncoding = 4; lastKnownFileType = file.xib; path = MapControl.xib; sourceTree = "<group>"; };
		4508420A1B63A54900249E5B /* MapLocations.json */ = {isa = PBXFileReference; fileEncoding = 4; lastKnownFileType = text.json; path = MapLocations.json; sourceTree = "<group>"; };
		4508420C1B63A55400249E5B /* MapSceneInitialViewController.h */ = {isa = PBXFileReference; fileEncoding = 4; lastKnownFileType = sourcecode.c.h; path = MapSceneInitialViewController.h; sourceTree = "<group>"; };
		4508420D1B63A55400249E5B /* MapSceneInitialViewController.m */ = {isa = PBXFileReference; fileEncoding = 4; lastKnownFileType = sourcecode.c.objc; path = MapSceneInitialViewController.m; sourceTree = "<group>"; };
		4508420F1B63A5A900249E5B /* PlaceInfo.h */ = {isa = PBXFileReference; fileEncoding = 4; lastKnownFileType = sourcecode.c.h; path = PlaceInfo.h; sourceTree = "<group>"; };
		450842101B63A5A900249E5B /* PlaceInfo.m */ = {isa = PBXFileReference; fileEncoding = 4; lastKnownFileType = sourcecode.c.objc; path = PlaceInfo.m; sourceTree = "<group>"; };
		450842141B63AEF100249E5B /* KYCircleMenu.h */ = {isa = PBXFileReference; fileEncoding = 4; lastKnownFileType = sourcecode.c.h; path = KYCircleMenu.h; sourceTree = "<group>"; };
		450842151B63AEF100249E5B /* KYCircleMenu.m */ = {isa = PBXFileReference; fileEncoding = 4; lastKnownFileType = sourcecode.c.objc; path = KYCircleMenu.m; sourceTree = "<group>"; };
		450842171B63AFA400249E5B /* MenuViewController.h */ = {isa = PBXFileReference; fileEncoding = 4; lastKnownFileType = sourcecode.c.h; path = MenuViewController.h; sourceTree = "<group>"; };
		450842181B63AFA400249E5B /* MenuViewController.m */ = {isa = PBXFileReference; fileEncoding = 4; lastKnownFileType = sourcecode.c.objc; path = MenuViewController.m; sourceTree = "<group>"; };
		4508421A1B63AFE700249E5B /* Constants.h */ = {isa = PBXFileReference; fileEncoding = 4; lastKnownFileType = sourcecode.c.h; path = Constants.h; sourceTree = "<group>"; };
		4508421B1B63AFE700249E5B /* Constants.m */ = {isa = PBXFileReference; fileEncoding = 4; lastKnownFileType = sourcecode.c.objc; path = Constants.m; sourceTree = "<group>"; };
		4508421D1B63B52600249E5B /* MenuViewController.xib */ = {isa = PBXFileReference; fileEncoding = 4; lastKnownFileType = file.xib; path = MenuViewController.xib; sourceTree = "<group>"; };
		450842221B63D12400249E5B /* TRCustomAnnotationView.h */ = {isa = PBXFileReference; fileEncoding = 4; lastKnownFileType = sourcecode.c.h; path = TRCustomAnnotationView.h; sourceTree = "<group>"; };
		450842231B63D12400249E5B /* TRCustomAnnotationView.m */ = {isa = PBXFileReference; fileEncoding = 4; lastKnownFileType = sourcecode.c.objc; path = TRCustomAnnotationView.m; sourceTree = "<group>"; };
		450842251B63D14200249E5B /* TRCustomAnnotationView.xib */ = {isa = PBXFileReference; fileEncoding = 4; lastKnownFileType = file.xib; path = TRCustomAnnotationView.xib; sourceTree = "<group>"; };
		450842271B63E5BA00249E5B /* TRMCustomAnnotationView.h */ = {isa = PBXFileReference; fileEncoding = 4; lastKnownFileType = sourcecode.c.h; path = TRMCustomAnnotationView.h; sourceTree = "<group>"; };
		450842281B63E5BA00249E5B /* TRMCustomAnnotationView.m */ = {isa = PBXFileReference; fileEncoding = 4; lastKnownFileType = sourcecode.c.objc; path = TRMCustomAnnotationView.m; sourceTree = "<group>"; };
		4508422A1B63E9DD00249E5B /* DrawingPin1_Blue.png */ = {isa = PBXFileReference; lastKnownFileType = image.png; path = DrawingPin1_Blue.png; sourceTree = "<group>"; };
		4508422C1B63F99000249E5B /* fri.json */ = {isa = PBXFileReference; fileEncoding = 4; lastKnownFileType = text.json; path = fri.json; sourceTree = "<group>"; };
		4508422E1B63F9D000249E5B /* TGLCollectionViewCell.h */ = {isa = PBXFileReference; fileEncoding = 4; lastKnownFileType = sourcecode.c.h; path = TGLCollectionViewCell.h; sourceTree = "<group>"; };
		4508422F1B63F9D000249E5B /* TGLCollectionViewCell.m */ = {isa = PBXFileReference; fileEncoding = 4; lastKnownFileType = sourcecode.c.objc; path = TGLCollectionViewCell.m; sourceTree = "<group>"; };
		450842321B64038000249E5B /* MPGNotification.h */ = {isa = PBXFileReference; fileEncoding = 4; lastKnownFileType = sourcecode.c.h; path = MPGNotification.h; sourceTree = "<group>"; };
		450842331B64038000249E5B /* MPGNotification.m */ = {isa = PBXFileReference; fileEncoding = 4; lastKnownFileType = sourcecode.c.objc; path = MPGNotification.m; sourceTree = "<group>"; };
		4543EF831B641BA300F45016 /* TMDynamic.plist */ = {isa = PBXFileReference; fileEncoding = 4; lastKnownFileType = text.plist.xml; path = TMDynamic.plist; sourceTree = "<group>"; };
		B5340EAE1B6369DB00A24775 /* Login.storyboard */ = {isa = PBXFileReference; fileEncoding = 4; lastKnownFileType = file.storyboard; path = Login.storyboard; sourceTree = "<group>"; };
		B5340EB11B636A5700A24775 /* LoginViewController.h */ = {isa = PBXFileReference; fileEncoding = 4; lastKnownFileType = sourcecode.c.h; path = LoginViewController.h; sourceTree = "<group>"; };
		B5340EB21B636A5700A24775 /* LoginViewController.m */ = {isa = PBXFileReference; fileEncoding = 4; lastKnownFileType = sourcecode.c.objc; path = LoginViewController.m; sourceTree = "<group>"; };
		B5340EB91B6373AE00A24775 /* NSObject+Helper.h */ = {isa = PBXFileReference; fileEncoding = 4; lastKnownFileType = sourcecode.c.h; path = "NSObject+Helper.h"; sourceTree = "<group>"; };
		B5340EBA1B6373AE00A24775 /* NSObject+Helper.m */ = {isa = PBXFileReference; fileEncoding = 4; lastKnownFileType = sourcecode.c.objc; path = "NSObject+Helper.m"; sourceTree = "<group>"; };
		B5340EBC1B6373F100A24775 /* UIView+Helper.h */ = {isa = PBXFileReference; fileEncoding = 4; lastKnownFileType = sourcecode.c.h; path = "UIView+Helper.h"; sourceTree = "<group>"; };
		B5340EBD1B6373F100A24775 /* UIView+Helper.m */ = {isa = PBXFileReference; fileEncoding = 4; lastKnownFileType = sourcecode.c.objc; path = "UIView+Helper.m"; sourceTree = "<group>"; };
		B5340EBF1B63745200A24775 /* UIColor+Helper.h */ = {isa = PBXFileReference; fileEncoding = 4; lastKnownFileType = sourcecode.c.h; path = "UIColor+Helper.h"; sourceTree = "<group>"; };
		B5340EC01B63745200A24775 /* UIColor+Helper.m */ = {isa = PBXFileReference; fileEncoding = 4; lastKnownFileType = sourcecode.c.objc; path = "UIColor+Helper.m"; sourceTree = "<group>"; };
		B53AE2F61B63854D00CDC128 /* JVFloatLabeledTextField.h */ = {isa = PBXFileReference; fileEncoding = 4; lastKnownFileType = sourcecode.c.h; path = JVFloatLabeledTextField.h; sourceTree = "<group>"; };
		B53AE2F71B63854D00CDC128 /* JVFloatLabeledTextField.m */ = {isa = PBXFileReference; fileEncoding = 4; lastKnownFileType = sourcecode.c.objc; path = JVFloatLabeledTextField.m; sourceTree = "<group>"; };
		B53AE2F81B63854D00CDC128 /* JVFloatLabeledTextView.h */ = {isa = PBXFileReference; fileEncoding = 4; lastKnownFileType = sourcecode.c.h; path = JVFloatLabeledTextView.h; sourceTree = "<group>"; };
		B53AE2F91B63854D00CDC128 /* JVFloatLabeledTextView.m */ = {isa = PBXFileReference; fileEncoding = 4; lastKnownFileType = sourcecode.c.objc; path = JVFloatLabeledTextView.m; sourceTree = "<group>"; };
		B53AE2FA1B63854D00CDC128 /* NSString+TextDirectionality.h */ = {isa = PBXFileReference; fileEncoding = 4; lastKnownFileType = sourcecode.c.h; path = "NSString+TextDirectionality.h"; sourceTree = "<group>"; };
		B53AE2FB1B63854D00CDC128 /* NSString+TextDirectionality.m */ = {isa = PBXFileReference; fileEncoding = 4; lastKnownFileType = sourcecode.c.objc; path = "NSString+TextDirectionality.m"; sourceTree = "<group>"; };
		B53AE3021B638A5E00CDC128 /* Bolts.framework */ = {isa = PBXFileReference; lastKnownFileType = wrapper.framework; path = Bolts.framework; sourceTree = "<group>"; };
		B53AE3031B638A5E00CDC128 /* FacebookSDKStrings.bundle */ = {isa = PBXFileReference; lastKnownFileType = "wrapper.plug-in"; path = FacebookSDKStrings.bundle; sourceTree = "<group>"; };
		B53AE3041B638A5E00CDC128 /* FBAudienceNetwork.framework */ = {isa = PBXFileReference; lastKnownFileType = wrapper.framework; path = FBAudienceNetwork.framework; sourceTree = "<group>"; };
		B53AE3051B638A5E00CDC128 /* FBAudienceNetwork.README.txt */ = {isa = PBXFileReference; fileEncoding = 4; lastKnownFileType = text; path = FBAudienceNetwork.README.txt; sourceTree = "<group>"; };
		B53AE3061B638A5E00CDC128 /* FBSDKCoreKit.framework */ = {isa = PBXFileReference; lastKnownFileType = wrapper.framework; path = FBSDKCoreKit.framework; sourceTree = "<group>"; };
		B53AE3071B638A5E00CDC128 /* FBSDKLoginKit.framework */ = {isa = PBXFileReference; lastKnownFileType = wrapper.framework; path = FBSDKLoginKit.framework; sourceTree = "<group>"; };
		B53AE3081B638A5E00CDC128 /* FBSDKMessengerShareKit.framework */ = {isa = PBXFileReference; lastKnownFileType = wrapper.framework; path = FBSDKMessengerShareKit.framework; sourceTree = "<group>"; };
		B53AE3091B638A5E00CDC128 /* FBSDKShareKit.framework */ = {isa = PBXFileReference; lastKnownFileType = wrapper.framework; path = FBSDKShareKit.framework; sourceTree = "<group>"; };
		B53AE3141B63976B00CDC128 /* MMMaterialDesignSpinner.h */ = {isa = PBXFileReference; fileEncoding = 4; lastKnownFileType = sourcecode.c.h; path = MMMaterialDesignSpinner.h; sourceTree = "<group>"; };
		B53AE3151B63976B00CDC128 /* MMMaterialDesignSpinner.m */ = {isa = PBXFileReference; fileEncoding = 4; lastKnownFileType = sourcecode.c.objc; path = MMMaterialDesignSpinner.m; sourceTree = "<group>"; };
		B53AE3161B63976B00CDC128 /* DeformationButton.h */ = {isa = PBXFileReference; fileEncoding = 4; lastKnownFileType = sourcecode.c.h; path = DeformationButton.h; sourceTree = "<group>"; };
		B53AE3171B63976B00CDC128 /* DeformationButton.m */ = {isa = PBXFileReference; fileEncoding = 4; lastKnownFileType = sourcecode.c.objc; path = DeformationButton.m; sourceTree = "<group>"; };
		B53AE31D1B639DA800CDC128 /* Constant.h */ = {isa = PBXFileReference; lastKnownFileType = sourcecode.c.h; path = Constant.h; sourceTree = "<group>"; };
		B53AE3461B63B55E00CDC128 /* TGLExposedLayout.h */ = {isa = PBXFileReference; fileEncoding = 4; lastKnownFileType = sourcecode.c.h; path = TGLExposedLayout.h; sourceTree = "<group>"; };
		B53AE3471B63B55E00CDC128 /* TGLExposedLayout.m */ = {isa = PBXFileReference; fileEncoding = 4; lastKnownFileType = sourcecode.c.objc; path = TGLExposedLayout.m; sourceTree = "<group>"; };
		B53AE3481B63B55E00CDC128 /* TGLStackedLayout.h */ = {isa = PBXFileReference; fileEncoding = 4; lastKnownFileType = sourcecode.c.h; path = TGLStackedLayout.h; sourceTree = "<group>"; };
		B53AE3491B63B55E00CDC128 /* TGLStackedLayout.m */ = {isa = PBXFileReference; fileEncoding = 4; lastKnownFileType = sourcecode.c.objc; path = TGLStackedLayout.m; sourceTree = "<group>"; };
		B53AE34A1B63B55E00CDC128 /* TGLStackedViewController.h */ = {isa = PBXFileReference; fileEncoding = 4; lastKnownFileType = sourcecode.c.h; path = TGLStackedViewController.h; sourceTree = "<group>"; };
		B53AE34B1B63B55E00CDC128 /* TGLStackedViewController.m */ = {isa = PBXFileReference; fileEncoding = 4; lastKnownFileType = sourcecode.c.objc; path = TGLStackedViewController.m; sourceTree = "<group>"; };
		B53AE34F1B63B56A00CDC128 /* TGLViewController.h */ = {isa = PBXFileReference; fileEncoding = 4; lastKnownFileType = sourcecode.c.h; path = TGLViewController.h; sourceTree = "<group>"; };
		B53AE3501B63B56A00CDC128 /* TGLViewController.m */ = {isa = PBXFileReference; fileEncoding = 4; lastKnownFileType = sourcecode.c.objc; path = TGLViewController.m; sourceTree = "<group>"; };
		B53AE3551B63CB5300CDC128 /* FriendControl.h */ = {isa = PBXFileReference; fileEncoding = 4; lastKnownFileType = sourcecode.c.h; path = FriendControl.h; sourceTree = "<group>"; };
		B53AE3561B63CB5300CDC128 /* FriendControl.m */ = {isa = PBXFileReference; fileEncoding = 4; lastKnownFileType = sourcecode.c.objc; path = FriendControl.m; sourceTree = "<group>"; };
		B53AE3581B63CB6300CDC128 /* Friend.xib */ = {isa = PBXFileReference; fileEncoding = 4; lastKnownFileType = file.xib; path = Friend.xib; sourceTree = "<group>"; };
		B53AE35D1B63D18900CDC128 /* UIViewController+Helper.h */ = {isa = PBXFileReference; fileEncoding = 4; lastKnownFileType = sourcecode.c.h; path = "UIViewController+Helper.h"; sourceTree = "<group>"; };
		B53AE35E1B63D18900CDC128 /* UIViewController+Helper.m */ = {isa = PBXFileReference; fileEncoding = 4; lastKnownFileType = sourcecode.c.objc; path = "UIViewController+Helper.m"; sourceTree = "<group>"; };
		B53AE3621B63E02500CDC128 /* 3-5-stars.png */ = {isa = PBXFileReference; lastKnownFileType = image.png; path = "3-5-stars.png"; sourceTree = "<group>"; };
		B53AE3641B63E07E00CDC128 /* white_star_u2606_icon_256x256.png */ = {isa = PBXFileReference; lastKnownFileType = image.png; path = white_star_u2606_icon_256x256.png; sourceTree = "<group>"; };
		B53AE3661B63F47B00CDC128 /* TGLCollectionViewCell.h */ = {isa = PBXFileReference; fileEncoding = 4; lastKnownFileType = sourcecode.c.h; path = TGLCollectionViewCell.h; sourceTree = "<group>"; };
		B53AE3671B63F47B00CDC128 /* TGLCollectionViewCell.m */ = {isa = PBXFileReference; fileEncoding = 4; lastKnownFileType = sourcecode.c.objc; path = TGLCollectionViewCell.m; sourceTree = "<group>"; };
		B53AE3691B63F4FC00CDC128 /* fri.json */ = {isa = PBXFileReference; fileEncoding = 4; lastKnownFileType = text.json; path = fri.json; sourceTree = "<group>"; };
		B53AE36B1B63F6B100CDC128 /* Screen Shot 2015-07-25 at 10.22.39 pm.png */ = {isa = PBXFileReference; lastKnownFileType = image.png; path = "Screen Shot 2015-07-25 at 10.22.39 pm.png"; sourceTree = "<group>"; };
		B53AE36D1B63F83200CDC128 /* images (3).jpeg */ = {isa = PBXFileReference; lastKnownFileType = image.jpeg; path = "images (3).jpeg"; sourceTree = "<group>"; };
		B53AE36F1B63FEB600CDC128 /* pin.brightred.png */ = {isa = PBXFileReference; lastKnownFileType = image.png; path = pin.brightred.png; sourceTree = "<group>"; };
		B53AE3711B641D5200CDC128 /* HotalDetailViewController.h */ = {isa = PBXFileReference; fileEncoding = 4; lastKnownFileType = sourcecode.c.h; path = HotalDetailViewController.h; sourceTree = "<group>"; };
		B53AE3721B641D5200CDC128 /* HotalDetailViewController.m */ = {isa = PBXFileReference; fileEncoding = 4; lastKnownFileType = sourcecode.c.objc; path = HotalDetailViewController.m; sourceTree = "<group>"; };
		B53AE3741B6420F600CDC128 /* PS_Hotel_KingRoom_new.jpg */ = {isa = PBXFileReference; lastKnownFileType = image.jpeg; path = PS_Hotel_KingRoom_new.jpg; sourceTree = "<group>"; };
		B53AE3761B6420FD00CDC128 /* rooftop2.jpg */ = {isa = PBXFileReference; lastKnownFileType = image.jpeg; path = rooftop2.jpg; sourceTree = "<group>"; };
		B53AE3781B64210500CDC128 /* zee22.jpg */ = {isa = PBXFileReference; lastKnownFileType = image.jpeg; path = zee22.jpg; sourceTree = "<group>"; };
		B53AE37A1B64269B00CDC128 /* JTSImageViewController.h */ = {isa = PBXFileReference; fileEncoding = 4; lastKnownFileType = sourcecode.c.h; path = JTSImageViewController.h; sourceTree = "<group>"; };
		B53AE37B1B64269B00CDC128 /* JTSImageViewController.m */ = {isa = PBXFileReference; fileEncoding = 4; lastKnownFileType = sourcecode.c.objc; path = JTSImageViewController.m; sourceTree = "<group>"; };
		B53AE37C1B64269B00CDC128 /* JTSImageInfo.h */ = {isa = PBXFileReference; fileEncoding = 4; lastKnownFileType = sourcecode.c.h; path = JTSImageInfo.h; sourceTree = "<group>"; };
		B53AE37D1B64269B00CDC128 /* JTSImageInfo.m */ = {isa = PBXFileReference; fileEncoding = 4; lastKnownFileType = sourcecode.c.objc; path = JTSImageInfo.m; sourceTree = "<group>"; };
		B53AE37E1B64269B00CDC128 /* JTSSimpleImageDownloader.h */ = {isa = PBXFileReference; fileEncoding = 4; lastKnownFileType = sourcecode.c.h; path = JTSSimpleImageDownloader.h; sourceTree = "<group>"; };
		B53AE37F1B64269B00CDC128 /* JTSSimpleImageDownloader.m */ = {isa = PBXFileReference; fileEncoding = 4; lastKnownFileType = sourcecode.c.objc; path = JTSSimpleImageDownloader.m; sourceTree = "<group>"; };
		B53AE3801B64269C00CDC128 /* JTSAnimatedGIFUtility.h */ = {isa = PBXFileReference; fileEncoding = 4; lastKnownFileType = sourcecode.c.h; path = JTSAnimatedGIFUtility.h; sourceTree = "<group>"; };
		B53AE3811B64269C00CDC128 /* JTSAnimatedGIFUtility.m */ = {isa = PBXFileReference; fileEncoding = 4; lastKnownFileType = sourcecode.c.objc; path = JTSAnimatedGIFUtility.m; sourceTree = "<group>"; };
		B53AE3821B64269C00CDC128 /* UIImage+JTSImageEffects.h */ = {isa = PBXFileReference; fileEncoding = 4; lastKnownFileType = sourcecode.c.h; path = "UIImage+JTSImageEffects.h"; sourceTree = "<group>"; };
		B53AE3831B64269C00CDC128 /* UIImage+JTSImageEffects.m */ = {isa = PBXFileReference; fileEncoding = 4; lastKnownFileType = sourcecode.c.objc; path = "UIImage+JTSImageEffects.m"; sourceTree = "<group>"; };
		B53AE3841B64269C00CDC128 /* UIApplication+JTSImageViewController.h */ = {isa = PBXFileReference; fileEncoding = 4; lastKnownFileType = sourcecode.c.h; path = "UIApplication+JTSImageViewController.h"; sourceTree = "<group>"; };
		B53AE3851B64269C00CDC128 /* UIApplication+JTSImageViewController.m */ = {isa = PBXFileReference; fileEncoding = 4; lastKnownFileType = sourcecode.c.objc; path = "UIApplication+JTSImageViewController.m"; sourceTree = "<group>"; };
/* End PBXFileReference section */

/* Begin PBXFrameworksBuildPhase section */
		450841C31B6364E200249E5B /* Frameworks */ = {
			isa = PBXFrameworksBuildPhase;
			buildActionMask = 2147483647;
			files = (
				B53AE30A1B638A5E00CDC128 /* Bolts.framework in Frameworks */,
				B53AE30E1B638A5E00CDC128 /* FBSDKCoreKit.framework in Frameworks */,
				B53AE3111B638A5E00CDC128 /* FBSDKShareKit.framework in Frameworks */,
				B53AE3101B638A5E00CDC128 /* FBSDKMessengerShareKit.framework in Frameworks */,
				B53AE30F1B638A5E00CDC128 /* FBSDKLoginKit.framework in Frameworks */,
				B53AE30C1B638A5E00CDC128 /* FBAudienceNetwork.framework in Frameworks */,
			);
			runOnlyForDeploymentPostprocessing = 0;
		};
		450841DC1B6364E200249E5B /* Frameworks */ = {
			isa = PBXFrameworksBuildPhase;
			buildActionMask = 2147483647;
			files = (
			);
			runOnlyForDeploymentPostprocessing = 0;
		};
/* End PBXFrameworksBuildPhase section */

/* Begin PBXGroup section */
		2DB018EF8D7B0FE6BCBE87B2 /* Frameworks */ = {
			isa = PBXGroup;
			children = (
				14B9A8A46EDA37DCAB65C637 /* libPods.a */,
			);
			name = Frameworks;
			sourceTree = "<group>";
		};
		450841BD1B6364E200249E5B = {
			isa = PBXGroup;
			children = (
				4543EF831B641BA300F45016 /* TMDynamic.plist */,
				450842271B63E5BA00249E5B /* TRMCustomAnnotationView.h */,
				450842281B63E5BA00249E5B /* TRMCustomAnnotationView.m */,
				450842221B63D12400249E5B /* TRCustomAnnotationView.h */,
				450842231B63D12400249E5B /* TRCustomAnnotationView.m */,
				450842251B63D14200249E5B /* TRCustomAnnotationView.xib */,
				450842131B63AEDB00249E5B /* Menu */,
				4508420F1B63A5A900249E5B /* PlaceInfo.h */,
				450842101B63A5A900249E5B /* PlaceInfo.m */,
				450841C81B6364E200249E5B /* TravelMore */,
				450841E21B6364E200249E5B /* TravelMoreTests */,
				450841C71B6364E200249E5B /* Products */,
				2DB018EF8D7B0FE6BCBE87B2 /* Frameworks */,
				B5312D661B63836700198D94 /* Recovered References */,
			);
			sourceTree = "<group>";
		};
		450841C71B6364E200249E5B /* Products */ = {
			isa = PBXGroup;
			children = (
				450841C61B6364E200249E5B /* TravelMore.app */,
				450841DF1B6364E200249E5B /* TravelMoreTests.xctest */,
			);
			name = Products;
			sourceTree = "<group>";
		};
		450841C81B6364E200249E5B /* TravelMore */ = {
			isa = PBXGroup;
			children = (
				B53AE3691B63F4FC00CDC128 /* fri.json */,
				450842311B64036F00249E5B /* MPGNotification */,
				B53AE3451B63B55400CDC128 /* Collection */,
				4508420C1B63A55400249E5B /* MapSceneInitialViewController.h */,
				4508420D1B63A55400249E5B /* MapSceneInitialViewController.m */,
				4508420A1B63A54900249E5B /* MapLocations.json */,
				450842041B63A52C00249E5B /* CustomViews */,
				B53AE2F51B63853B00CDC128 /* 3rdparty */,
				B5340EC21B63746600A24775 /* Helper */,
				450841CD1B6364E200249E5B /* AppDelegate.h */,
				450841CE1B6364E200249E5B /* AppDelegate.m */,
				450841D01B6364E200249E5B /* ViewController.h */,
				450841D11B6364E200249E5B /* ViewController.m */,
				B53AE36B1B63F6B100CDC128 /* Screen Shot 2015-07-25 at 10.22.39 pm.png */,
				450841D31B6364E200249E5B /* Main.storyboard */,
				4508422A1B63E9DD00249E5B /* DrawingPin1_Blue.png */,
				450841D61B6364E200249E5B /* Images.xcassets */,
				B53AE36D1B63F83200CDC128 /* images (3).jpeg */,
				450841D81B6364E200249E5B /* LaunchScreen.xib */,
				450841C91B6364E200249E5B /* Supporting Files */,
				B5340EAE1B6369DB00A24775 /* Login.storyboard */,
				B5340EB11B636A5700A24775 /* LoginViewController.h */,
				B5340EB21B636A5700A24775 /* LoginViewController.m */,
				B53AE31D1B639DA800CDC128 /* Constant.h */,
			);
			path = TravelMore;
			sourceTree = "<group>";
		};
		450841C91B6364E200249E5B /* Supporting Files */ = {
			isa = PBXGroup;
			children = (
				450841CA1B6364E200249E5B /* Info.plist */,
				450841CB1B6364E200249E5B /* main.m */,
				4508422C1B63F99000249E5B /* fri.json */,
			);
			name = "Supporting Files";
			sourceTree = "<group>";
		};
		450841E21B6364E200249E5B /* TravelMoreTests */ = {
			isa = PBXGroup;
			children = (
				450841E51B6364E200249E5B /* TravelMoreTests.m */,
				450841E31B6364E200249E5B /* Supporting Files */,
			);
			path = TravelMoreTests;
			sourceTree = "<group>";
		};
		450841E31B6364E200249E5B /* Supporting Files */ = {
			isa = PBXGroup;
			children = (
				450841E41B6364E200249E5B /* Info.plist */,
			);
			name = "Supporting Files";
			sourceTree = "<group>";
		};
		450842041B63A52C00249E5B /* CustomViews */ = {
			isa = PBXGroup;
			children = (
				450842051B63A53E00249E5B /* MapControl.h */,
				450842061B63A53E00249E5B /* MapControl.m */,
				450842071B63A53E00249E5B /* MapControl.xib */,
				B53AE3551B63CB5300CDC128 /* FriendControl.h */,
				B53AE3561B63CB5300CDC128 /* FriendControl.m */,
				B53AE3581B63CB6300CDC128 /* Friend.xib */,
			);
			name = CustomViews;
			sourceTree = "<group>";
		};
		450842131B63AEDB00249E5B /* Menu */ = {
			isa = PBXGroup;
			children = (
				450842141B63AEF100249E5B /* KYCircleMenu.h */,
				450842151B63AEF100249E5B /* KYCircleMenu.m */,
				450842171B63AFA400249E5B /* MenuViewController.h */,
				450842181B63AFA400249E5B /* MenuViewController.m */,
				4508421D1B63B52600249E5B /* MenuViewController.xib */,
				4508421A1B63AFE700249E5B /* Constants.h */,
				4508421B1B63AFE700249E5B /* Constants.m */,
			);
			name = Menu;
			sourceTree = "<group>";
		};
		450842311B64036F00249E5B /* MPGNotification */ = {
			isa = PBXGroup;
			children = (
				450842321B64038000249E5B /* MPGNotification.h */,
				450842331B64038000249E5B /* MPGNotification.m */,
			);
			name = MPGNotification;
			sourceTree = "<group>";
		};
		B5312D661B63836700198D94 /* Recovered References */ = {
			isa = PBXGroup;
			children = (
				1B5DDB766531C375E897082F /* Pods.debug.xcconfig */,
				38F9BE49F26F88356A322FA9 /* Pods.release.xcconfig */,
			);
			name = "Recovered References";
			sourceTree = "<group>";
		};
		B5340EC21B63746600A24775 /* Helper */ = {
			isa = PBXGroup;
			children = (
				B53AE34F1B63B56A00CDC128 /* TGLViewController.h */,
				B53AE3501B63B56A00CDC128 /* TGLViewController.m */,
				B5340EB91B6373AE00A24775 /* NSObject+Helper.h */,
				B5340EBA1B6373AE00A24775 /* NSObject+Helper.m */,
				B5340EBC1B6373F100A24775 /* UIView+Helper.h */,
				B5340EBD1B6373F100A24775 /* UIView+Helper.m */,
				B53AE3641B63E07E00CDC128 /* white_star_u2606_icon_256x256.png */,
				B5340EBF1B63745200A24775 /* UIColor+Helper.h */,
				B53AE3621B63E02500CDC128 /* 3-5-stars.png */,
				B5340EC01B63745200A24775 /* UIColor+Helper.m */,
				B53AE35D1B63D18900CDC128 /* UIViewController+Helper.h */,
				B53AE35E1B63D18900CDC128 /* UIViewController+Helper.m */,
			);
			name = Helper;
			sourceTree = "<group>";
		};
		B53AE2F51B63853B00CDC128 /* 3rdparty */ = {
			isa = PBXGroup;
			children = (
				B53AE38C1B6426A200CDC128 /* image */,
				B53AE3131B63976100CDC128 /* New Group */,
				B53AE3121B63975C00CDC128 /* Fb */,
				B53AE2FF1B63855100CDC128 /* TextField+View */,
			);
			name = 3rdparty;
			sourceTree = "<group>";
		};
		B53AE2FF1B63855100CDC128 /* TextField+View */ = {
			isa = PBXGroup;
			children = (
				B53AE2F61B63854D00CDC128 /* JVFloatLabeledTextField.h */,
				B53AE2F71B63854D00CDC128 /* JVFloatLabeledTextField.m */,
				B53AE2F81B63854D00CDC128 /* JVFloatLabeledTextView.h */,
				B53AE2F91B63854D00CDC128 /* JVFloatLabeledTextView.m */,
				B53AE2FA1B63854D00CDC128 /* NSString+TextDirectionality.h */,
				B53AE2FB1B63854D00CDC128 /* NSString+TextDirectionality.m */,
			);
			name = "TextField+View";
			sourceTree = "<group>";
		};
		B53AE3121B63975C00CDC128 /* Fb */ = {
			isa = PBXGroup;
			children = (
				B53AE3021B638A5E00CDC128 /* Bolts.framework */,
				B53AE3031B638A5E00CDC128 /* FacebookSDKStrings.bundle */,
				B53AE3041B638A5E00CDC128 /* FBAudienceNetwork.framework */,
				B53AE3051B638A5E00CDC128 /* FBAudienceNetwork.README.txt */,
				B53AE3061B638A5E00CDC128 /* FBSDKCoreKit.framework */,
				B53AE3071B638A5E00CDC128 /* FBSDKLoginKit.framework */,
				B53AE3081B638A5E00CDC128 /* FBSDKMessengerShareKit.framework */,
				B53AE3091B638A5E00CDC128 /* FBSDKShareKit.framework */,
			);
			name = Fb;
			sourceTree = "<group>";
		};
		B53AE3131B63976100CDC128 /* New Group */ = {
			isa = PBXGroup;
			children = (
				B53AE3741B6420F600CDC128 /* PS_Hotel_KingRoom_new.jpg */,
				B53AE3781B64210500CDC128 /* zee22.jpg */,
				B53AE3761B6420FD00CDC128 /* rooftop2.jpg */,
				B53AE3141B63976B00CDC128 /* MMMaterialDesignSpinner.h */,
				B53AE36F1B63FEB600CDC128 /* pin.brightred.png */,
				B53AE3151B63976B00CDC128 /* MMMaterialDesignSpinner.m */,
				B53AE3161B63976B00CDC128 /* DeformationButton.h */,
				B53AE3171B63976B00CDC128 /* DeformationButton.m */,
			);
			name = "New Group";
			sourceTree = "<group>";
		};
		B53AE3451B63B55400CDC128 /* Collection */ = {
			isa = PBXGroup;
			children = (
				4508422E1B63F9D000249E5B /* TGLCollectionViewCell.h */,
				4508422F1B63F9D000249E5B /* TGLCollectionViewCell.m */,
				B53AE3461B63B55E00CDC128 /* TGLExposedLayout.h */,
				B53AE3471B63B55E00CDC128 /* TGLExposedLayout.m */,
				B53AE3481B63B55E00CDC128 /* TGLStackedLayout.h */,
				B53AE3491B63B55E00CDC128 /* TGLStackedLayout.m */,
				B53AE3661B63F47B00CDC128 /* TGLCollectionViewCell.h */,
				B53AE3671B63F47B00CDC128 /* TGLCollectionViewCell.m */,
				B53AE34A1B63B55E00CDC128 /* TGLStackedViewController.h */,
				B53AE34B1B63B55E00CDC128 /* TGLStackedViewController.m */,
				B53AE3711B641D5200CDC128 /* HotalDetailViewController.h */,
				B53AE3721B641D5200CDC128 /* HotalDetailViewController.m */,
			);
			name = Collection;
			sourceTree = "<group>";
		};
		B53AE38C1B6426A200CDC128 /* image */ = {
			isa = PBXGroup;
			children = (
				B53AE37A1B64269B00CDC128 /* JTSImageViewController.h */,
				B53AE37B1B64269B00CDC128 /* JTSImageViewController.m */,
				B53AE37C1B64269B00CDC128 /* JTSImageInfo.h */,
				B53AE37D1B64269B00CDC128 /* JTSImageInfo.m */,
				B53AE37E1B64269B00CDC128 /* JTSSimpleImageDownloader.h */,
				B53AE37F1B64269B00CDC128 /* JTSSimpleImageDownloader.m */,
				B53AE3801B64269C00CDC128 /* JTSAnimatedGIFUtility.h */,
				B53AE3811B64269C00CDC128 /* JTSAnimatedGIFUtility.m */,
				B53AE3821B64269C00CDC128 /* UIImage+JTSImageEffects.h */,
				B53AE3831B64269C00CDC128 /* UIImage+JTSImageEffects.m */,
				B53AE3841B64269C00CDC128 /* UIApplication+JTSImageViewController.h */,
				B53AE3851B64269C00CDC128 /* UIApplication+JTSImageViewController.m */,
			);
			name = image;
			sourceTree = "<group>";
		};
/* End PBXGroup section */

/* Begin PBXNativeTarget section */
		450841C51B6364E200249E5B /* TravelMore */ = {
			isa = PBXNativeTarget;
			buildConfigurationList = 450841E91B6364E200249E5B /* Build configuration list for PBXNativeTarget "TravelMore" */;
			buildPhases = (
				450841C21B6364E200249E5B /* Sources */,
				450841C31B6364E200249E5B /* Frameworks */,
				450841C41B6364E200249E5B /* Resources */,
			);
			buildRules = (
			);
			dependencies = (
			);
			name = TravelMore;
			productName = TravelMore;
			productReference = 450841C61B6364E200249E5B /* TravelMore.app */;
			productType = "com.apple.product-type.application";
		};
		450841DE1B6364E200249E5B /* TravelMoreTests */ = {
			isa = PBXNativeTarget;
			buildConfigurationList = 450841EC1B6364E200249E5B /* Build configuration list for PBXNativeTarget "TravelMoreTests" */;
			buildPhases = (
				450841DB1B6364E200249E5B /* Sources */,
				450841DC1B6364E200249E5B /* Frameworks */,
				450841DD1B6364E200249E5B /* Resources */,
			);
			buildRules = (
			);
			dependencies = (
				450841E11B6364E200249E5B /* PBXTargetDependency */,
			);
			name = TravelMoreTests;
			productName = TravelMoreTests;
			productReference = 450841DF1B6364E200249E5B /* TravelMoreTests.xctest */;
			productType = "com.apple.product-type.bundle.unit-test";
		};
/* End PBXNativeTarget section */

/* Begin PBXProject section */
		450841BE1B6364E200249E5B /* Project object */ = {
			isa = PBXProject;
			attributes = {
				LastUpgradeCheck = 0640;
				ORGANIZATIONNAME = "Kumar Malana, Jatin";
				TargetAttributes = {
					450841C51B6364E200249E5B = {
						CreatedOnToolsVersion = 6.4;
					};
					450841DE1B6364E200249E5B = {
						CreatedOnToolsVersion = 6.4;
						TestTargetID = 450841C51B6364E200249E5B;
					};
				};
			};
			buildConfigurationList = 450841C11B6364E200249E5B /* Build configuration list for PBXProject "TravelMore" */;
			compatibilityVersion = "Xcode 3.2";
			developmentRegion = English;
			hasScannedForEncodings = 0;
			knownRegions = (
				en,
				Base,
			);
			mainGroup = 450841BD1B6364E200249E5B;
			productRefGroup = 450841C71B6364E200249E5B /* Products */;
			projectDirPath = "";
			projectRoot = "";
			targets = (
				450841C51B6364E200249E5B /* TravelMore */,
				450841DE1B6364E200249E5B /* TravelMoreTests */,
			);
		};
/* End PBXProject section */

/* Begin PBXResourcesBuildPhase section */
		450841C41B6364E200249E5B /* Resources */ = {
			isa = PBXResourcesBuildPhase;
			buildActionMask = 2147483647;
			files = (
				B53AE30D1B638A5E00CDC128 /* FBAudienceNetwork.README.txt in Resources */,
				B53AE3751B6420F600CDC128 /* PS_Hotel_KingRoom_new.jpg in Resources */,
				B53AE36E1B63F83200CDC128 /* images (3).jpeg in Resources */,
				B53AE3701B63FEB600CDC128 /* pin.brightred.png in Resources */,
				4508422B1B63E9DD00249E5B /* DrawingPin1_Blue.png in Resources */,
				B5340EAF1B6369DB00A24775 /* Login.storyboard in Resources */,
				4543EF841B641BA300F45016 /* TMDynamic.plist in Resources */,
				B53AE3631B63E02500CDC128 /* 3-5-stars.png in Resources */,
				B53AE3791B64210500CDC128 /* zee22.jpg in Resources */,
				B53AE3591B63CB6300CDC128 /* Friend.xib in Resources */,
				B53AE30B1B638A5E00CDC128 /* FacebookSDKStrings.bundle in Resources */,
				450841D51B6364E200249E5B /* Main.storyboard in Resources */,
				450841DA1B6364E200249E5B /* LaunchScreen.xib in Resources */,
				B53AE36A1B63F4FC00CDC128 /* fri.json in Resources */,
				B53AE36C1B63F6B100CDC128 /* Screen Shot 2015-07-25 at 10.22.39 pm.png in Resources */,
				450842091B63A53E00249E5B /* MapControl.xib in Resources */,
				4508421E1B63B52600249E5B /* MenuViewController.xib in Resources */,
				4508420B1B63A54900249E5B /* MapLocations.json in Resources */,
				B53AE3651B63E07E00CDC128 /* white_star_u2606_icon_256x256.png in Resources */,
				450841D71B6364E200249E5B /* Images.xcassets in Resources */,
				B53AE3771B6420FD00CDC128 /* rooftop2.jpg in Resources */,
				450842261B63D14200249E5B /* TRCustomAnnotationView.xib in Resources */,
			);
			runOnlyForDeploymentPostprocessing = 0;
		};
		450841DD1B6364E200249E5B /* Resources */ = {
			isa = PBXResourcesBuildPhase;
			buildActionMask = 2147483647;
			files = (
			);
			runOnlyForDeploymentPostprocessing = 0;
		};
/* End PBXResourcesBuildPhase section */

/* Begin PBXSourcesBuildPhase section */
		450841C21B6364E200249E5B /* Sources */ = {
			isa = PBXSourcesBuildPhase;
			buildActionMask = 2147483647;
			files = (
				B53AE35F1B63D18900CDC128 /* UIViewController+Helper.m in Sources */,
				B5340EB31B636A5700A24775 /* LoginViewController.m in Sources */,
				B53AE38A1B64269C00CDC128 /* UIImage+JTSImageEffects.m in Sources */,
				450842191B63AFA400249E5B /* MenuViewController.m in Sources */,
				4508420E1B63A55400249E5B /* MapSceneInitialViewController.m in Sources */,
				B5340EBB1B6373AE00A24775 /* NSObject+Helper.m in Sources */,
				B53AE3871B64269C00CDC128 /* JTSImageInfo.m in Sources */,
				B5340EBE1B6373F100A24775 /* UIView+Helper.m in Sources */,
				450842161B63AEF100249E5B /* KYCircleMenu.m in Sources */,
				450841D21B6364E200249E5B /* ViewController.m in Sources */,
				B53AE3731B641D5200CDC128 /* HotalDetailViewController.m in Sources */,
				B53AE2FC1B63854D00CDC128 /* JVFloatLabeledTextField.m in Sources */,
				B53AE3571B63CB5300CDC128 /* FriendControl.m in Sources */,
				B53AE34E1B63B55E00CDC128 /* TGLStackedViewController.m in Sources */,
				B53AE3511B63B56A00CDC128 /* TGLViewController.m in Sources */,
				B53AE38B1B64269C00CDC128 /* UIApplication+JTSImageViewController.m in Sources */,
				450842111B63A5A900249E5B /* PlaceInfo.m in Sources */,
				450842241B63D12400249E5B /* TRCustomAnnotationView.m in Sources */,
				B53AE3891B64269C00CDC128 /* JTSAnimatedGIFUtility.m in Sources */,
				B5340EC11B63745200A24775 /* UIColor+Helper.m in Sources */,
				B53AE3191B63976B00CDC128 /* DeformationButton.m in Sources */,
				B53AE3881B64269C00CDC128 /* JTSSimpleImageDownloader.m in Sources */,
				450842081B63A53E00249E5B /* MapControl.m in Sources */,
				B53AE34D1B63B55E00CDC128 /* TGLStackedLayout.m in Sources */,
				B53AE34C1B63B55E00CDC128 /* TGLExposedLayout.m in Sources */,
				B53AE2FD1B63854D00CDC128 /* JVFloatLabeledTextView.m in Sources */,
				B53AE3181B63976B00CDC128 /* MMMaterialDesignSpinner.m in Sources */,
				B53AE3861B64269C00CDC128 /* JTSImageViewController.m in Sources */,
				450841CF1B6364E200249E5B /* AppDelegate.m in Sources */,
				450842301B63F9D000249E5B /* TGLCollectionViewCell.m in Sources */,
				450842341B64038000249E5B /* MPGNotification.m in Sources */,
				450842291B63E5BA00249E5B /* TRMCustomAnnotationView.m in Sources */,
				B53AE2FE1B63854D00CDC128 /* NSString+TextDirectionality.m in Sources */,
				450841CC1B6364E200249E5B /* main.m in Sources */,
				4508421C1B63AFE700249E5B /* Constants.m in Sources */,
			);
			runOnlyForDeploymentPostprocessing = 0;
		};
		450841DB1B6364E200249E5B /* Sources */ = {
			isa = PBXSourcesBuildPhase;
			buildActionMask = 2147483647;
			files = (
				450841E61B6364E200249E5B /* TravelMoreTests.m in Sources */,
			);
			runOnlyForDeploymentPostprocessing = 0;
		};
/* End PBXSourcesBuildPhase section */

/* Begin PBXTargetDependency section */
		450841E11B6364E200249E5B /* PBXTargetDependency */ = {
			isa = PBXTargetDependency;
			target = 450841C51B6364E200249E5B /* TravelMore */;
			targetProxy = 450841E01B6364E200249E5B /* PBXContainerItemProxy */;
		};
/* End PBXTargetDependency section */

/* Begin PBXVariantGroup section */
		450841D31B6364E200249E5B /* Main.storyboard */ = {
			isa = PBXVariantGroup;
			children = (
				450841D41B6364E200249E5B /* Base */,
			);
			name = Main.storyboard;
			sourceTree = "<group>";
		};
		450841D81B6364E200249E5B /* LaunchScreen.xib */ = {
			isa = PBXVariantGroup;
			children = (
				450841D91B6364E200249E5B /* Base */,
			);
			name = LaunchScreen.xib;
			sourceTree = "<group>";
		};
/* End PBXVariantGroup section */

/* Begin XCBuildConfiguration section */
		450841E71B6364E200249E5B /* Debug */ = {
			isa = XCBuildConfiguration;
			buildSettings = {
				ALWAYS_SEARCH_USER_PATHS = NO;
				CLANG_CXX_LANGUAGE_STANDARD = "gnu++0x";
				CLANG_CXX_LIBRARY = "libc++";
				CLANG_ENABLE_MODULES = YES;
				CLANG_ENABLE_OBJC_ARC = YES;
				CLANG_WARN_BOOL_CONVERSION = YES;
				CLANG_WARN_CONSTANT_CONVERSION = YES;
				CLANG_WARN_DIRECT_OBJC_ISA_USAGE = YES_ERROR;
				CLANG_WARN_EMPTY_BODY = YES;
				CLANG_WARN_ENUM_CONVERSION = YES;
				CLANG_WARN_INT_CONVERSION = YES;
				CLANG_WARN_OBJC_ROOT_CLASS = YES_ERROR;
				CLANG_WARN_UNREACHABLE_CODE = YES;
				CLANG_WARN__DUPLICATE_METHOD_MATCH = YES;
				"CODE_SIGN_IDENTITY[sdk=iphoneos*]" = "iPhone Developer";
				COPY_PHASE_STRIP = NO;
				DEBUG_INFORMATION_FORMAT = "dwarf-with-dsym";
				ENABLE_STRICT_OBJC_MSGSEND = YES;
				GCC_C_LANGUAGE_STANDARD = gnu99;
				GCC_DYNAMIC_NO_PIC = NO;
				GCC_NO_COMMON_BLOCKS = YES;
				GCC_OPTIMIZATION_LEVEL = 0;
				GCC_PREPROCESSOR_DEFINITIONS = (
					"DEBUG=1",
					"$(inherited)",
				);
				GCC_SYMBOLS_PRIVATE_EXTERN = NO;
				GCC_WARN_64_TO_32_BIT_CONVERSION = YES;
				GCC_WARN_ABOUT_RETURN_TYPE = YES_ERROR;
				GCC_WARN_UNDECLARED_SELECTOR = YES;
				GCC_WARN_UNINITIALIZED_AUTOS = YES_AGGRESSIVE;
				GCC_WARN_UNUSED_FUNCTION = YES;
				GCC_WARN_UNUSED_VARIABLE = YES;
				IPHONEOS_DEPLOYMENT_TARGET = 8.4;
				MTL_ENABLE_DEBUG_INFO = YES;
				ONLY_ACTIVE_ARCH = YES;
				SDKROOT = iphoneos;
			};
			name = Debug;
		};
		450841E81B6364E200249E5B /* Release */ = {
			isa = XCBuildConfiguration;
			buildSettings = {
				ALWAYS_SEARCH_USER_PATHS = NO;
				CLANG_CXX_LANGUAGE_STANDARD = "gnu++0x";
				CLANG_CXX_LIBRARY = "libc++";
				CLANG_ENABLE_MODULES = YES;
				CLANG_ENABLE_OBJC_ARC = YES;
				CLANG_WARN_BOOL_CONVERSION = YES;
				CLANG_WARN_CONSTANT_CONVERSION = YES;
				CLANG_WARN_DIRECT_OBJC_ISA_USAGE = YES_ERROR;
				CLANG_WARN_EMPTY_BODY = YES;
				CLANG_WARN_ENUM_CONVERSION = YES;
				CLANG_WARN_INT_CONVERSION = YES;
				CLANG_WARN_OBJC_ROOT_CLASS = YES_ERROR;
				CLANG_WARN_UNREACHABLE_CODE = YES;
				CLANG_WARN__DUPLICATE_METHOD_MATCH = YES;
				"CODE_SIGN_IDENTITY[sdk=iphoneos*]" = "iPhone Developer";
				COPY_PHASE_STRIP = NO;
				DEBUG_INFORMATION_FORMAT = "dwarf-with-dsym";
				ENABLE_NS_ASSERTIONS = NO;
				ENABLE_STRICT_OBJC_MSGSEND = YES;
				GCC_C_LANGUAGE_STANDARD = gnu99;
				GCC_NO_COMMON_BLOCKS = YES;
				GCC_WARN_64_TO_32_BIT_CONVERSION = YES;
				GCC_WARN_ABOUT_RETURN_TYPE = YES_ERROR;
				GCC_WARN_UNDECLARED_SELECTOR = YES;
				GCC_WARN_UNINITIALIZED_AUTOS = YES_AGGRESSIVE;
				GCC_WARN_UNUSED_FUNCTION = YES;
				GCC_WARN_UNUSED_VARIABLE = YES;
				IPHONEOS_DEPLOYMENT_TARGET = 8.4;
				MTL_ENABLE_DEBUG_INFO = NO;
				SDKROOT = iphoneos;
				VALIDATE_PRODUCT = YES;
			};
			name = Release;
		};
		450841EA1B6364E200249E5B /* Debug */ = {
			isa = XCBuildConfiguration;
			baseConfigurationReference = 1B5DDB766531C375E897082F /* Pods.debug.xcconfig */;
			buildSettings = {
				ASSETCATALOG_COMPILER_APPICON_NAME = AppIcon;
				FRAMEWORK_SEARCH_PATHS = (
					"$(inherited)",
					"$(PROJECT_DIR)/TravelMore",
				);
				INFOPLIST_FILE = TravelMore/Info.plist;
				LD_RUNPATH_SEARCH_PATHS = "$(inherited) @executable_path/Frameworks";
				PRODUCT_NAME = "$(TARGET_NAME)";
				TARGETED_DEVICE_FAMILY = "1,2";
			};
			name = Debug;
		};
		450841EB1B6364E200249E5B /* Release */ = {
			isa = XCBuildConfiguration;
			baseConfigurationReference = 38F9BE49F26F88356A322FA9 /* Pods.release.xcconfig */;
			buildSettings = {
				ASSETCATALOG_COMPILER_APPICON_NAME = AppIcon;
				FRAMEWORK_SEARCH_PATHS = (
					"$(inherited)",
					"$(PROJECT_DIR)/TravelMore",
				);
				INFOPLIST_FILE = TravelMore/Info.plist;
				LD_RUNPATH_SEARCH_PATHS = "$(inherited) @executable_path/Frameworks";
				PRODUCT_NAME = "$(TARGET_NAME)";
				TARGETED_DEVICE_FAMILY = "1,2";
			};
			name = Release;
		};
		450841ED1B6364E200249E5B /* Debug */ = {
			isa = XCBuildConfiguration;
			buildSettings = {
				BUNDLE_LOADER = "$(TEST_HOST)";
				FRAMEWORK_SEARCH_PATHS = (
					"$(SDKROOT)/Developer/Library/Frameworks",
					"$(inherited)",
				);
				GCC_PREPROCESSOR_DEFINITIONS = (
					"DEBUG=1",
					"$(inherited)",
				);
				INFOPLIST_FILE = TravelMoreTests/Info.plist;
				LD_RUNPATH_SEARCH_PATHS = "$(inherited) @executable_path/Frameworks @loader_path/Frameworks";
				PRODUCT_NAME = "$(TARGET_NAME)";
				TEST_HOST = "$(BUILT_PRODUCTS_DIR)/TravelMore.app/TravelMore";
			};
			name = Debug;
		};
		450841EE1B6364E200249E5B /* Release */ = {
			isa = XCBuildConfiguration;
			buildSettings = {
				BUNDLE_LOADER = "$(TEST_HOST)";
				FRAMEWORK_SEARCH_PATHS = (
					"$(SDKROOT)/Developer/Library/Frameworks",
					"$(inherited)",
				);
				INFOPLIST_FILE = TravelMoreTests/Info.plist;
				LD_RUNPATH_SEARCH_PATHS = "$(inherited) @executable_path/Frameworks @loader_path/Frameworks";
				PRODUCT_NAME = "$(TARGET_NAME)";
				TEST_HOST = "$(BUILT_PRODUCTS_DIR)/TravelMore.app/TravelMore";
			};
			name = Release;
		};
/* End XCBuildConfiguration section */

/* Begin XCConfigurationList section */
		450841C11B6364E200249E5B /* Build configuration list for PBXProject "TravelMore" */ = {
			isa = XCConfigurationList;
			buildConfigurations = (
				450841E71B6364E200249E5B /* Debug */,
				450841E81B6364E200249E5B /* Release */,
			);
			defaultConfigurationIsVisible = 0;
			defaultConfigurationName = Release;
		};
		450841E91B6364E200249E5B /* Build configuration list for PBXNativeTarget "TravelMore" */ = {
			isa = XCConfigurationList;
			buildConfigurations = (
				450841EA1B6364E200249E5B /* Debug */,
				450841EB1B6364E200249E5B /* Release */,
			);
			defaultConfigurationIsVisible = 0;
			defaultConfigurationName = Release;
		};
		450841EC1B6364E200249E5B /* Build configuration list for PBXNativeTarget "TravelMoreTests" */ = {
			isa = XCConfigurationList;
			buildConfigurations = (
				450841ED1B6364E200249E5B /* Debug */,
				450841EE1B6364E200249E5B /* Release */,
			);
			defaultConfigurationIsVisible = 0;
			defaultConfigurationName = Release;
		};
/* End XCConfigurationList section */
	};
	rootObject = 450841BE1B6364E200249E5B /* Project object */;
}
